{
  "name": "@jlongyam/cmd",
  "lockfileVersion": 3,
  "requires": true,
  "packages": {
    "": {
      "name": "@jlongyam/cmd",
      "devDependencies": {
        "flaget": "^2.1.1"
      },
      "version": "1.1.2"
    },
    "node_modules/flaget": {
      "version": "2.1.1",
      "resolved": "https://registry.npmjs.org/flaget/-/flaget-2.1.1.tgz",
      "integrity": "sha512-0iB6By1l69YhQEqUws2FBrk8FXLBLEDI7aCdGn4lXTlwk1F4PyrvDPSjOlOY1NcnaqSZrtbAsN9p+F/CAVoZLA==",
      "dev": true,
      "license": "ISC",
      "engines": {
        "node": ">=10"
      }
    }
  },
  "version": "1.1.2"
}
